// !$*UTF8*$!
{
	archiveVersion = 1;
	classes = {
	};
	objectVersion = 55;
	objects = {

/* Begin PBXBuildFile section */
		1314A85228C9E4410070ADA6 /* QuiverViewController.swift in Sources */ = {isa = PBXBuildFile; fileRef = 1314A85128C9E4410070ADA6 /* QuiverViewController.swift */; };
		131A407828EC811E00844041 /* ForecastManager.swift in Sources */ = {isa = PBXBuildFile; fileRef = 131A407728EC811E00844041 /* ForecastManager.swift */; };
		133AA0B528D88593007C672B /* iOSDropDown in Frameworks */ = {isa = PBXBuildFile; productRef = 133AA0B428D88593007C672B /* iOSDropDown */; };
		1355E93528C2084200546F57 /* GoogleService-Info.plist in Resources */ = {isa = PBXBuildFile; fileRef = 1355E93428C2084200546F57 /* GoogleService-Info.plist */; };
		1355E93828C209EF00546F57 /* FirebaseAuth in Frameworks */ = {isa = PBXBuildFile; productRef = 1355E93728C209EF00546F57 /* FirebaseAuth */; };
		1355E93A28C209EF00546F57 /* FirebaseAuthCombine-Community in Frameworks */ = {isa = PBXBuildFile; productRef = 1355E93928C209EF00546F57 /* FirebaseAuthCombine-Community */; };
		1355E93C28C209EF00546F57 /* FirebaseDatabase in Frameworks */ = {isa = PBXBuildFile; productRef = 1355E93B28C209EF00546F57 /* FirebaseDatabase */; };
		1355E93E28C209EF00546F57 /* FirebaseDatabaseSwift in Frameworks */ = {isa = PBXBuildFile; productRef = 1355E93D28C209EF00546F57 /* FirebaseDatabaseSwift */; };
		1355E94028C209EF00546F57 /* FirebaseFirestore in Frameworks */ = {isa = PBXBuildFile; productRef = 1355E93F28C209EF00546F57 /* FirebaseFirestore */; };
		1355E94228C209EF00546F57 /* FirebaseFirestoreCombine-Community in Frameworks */ = {isa = PBXBuildFile; productRef = 1355E94128C209EF00546F57 /* FirebaseFirestoreCombine-Community */; };
		1355E94428C209EF00546F57 /* FirebaseFirestoreSwift in Frameworks */ = {isa = PBXBuildFile; productRef = 1355E94328C209EF00546F57 /* FirebaseFirestoreSwift */; };
		1355E94628C209EF00546F57 /* FirebaseStorage in Frameworks */ = {isa = PBXBuildFile; productRef = 1355E94528C209EF00546F57 /* FirebaseStorage */; };
		1355E94828C209EF00546F57 /* FirebaseStorageCombine-Community in Frameworks */ = {isa = PBXBuildFile; productRef = 1355E94728C209EF00546F57 /* FirebaseStorageCombine-Community */; };
		1355E94A28C2367A00546F57 /* ProfileViewController.swift in Sources */ = {isa = PBXBuildFile; fileRef = 1355E94928C2367A00546F57 /* ProfileViewController.swift */; };
		135D222F28E5E84D0016C36C /* ForecastViewController.swift in Sources */ = {isa = PBXBuildFile; fileRef = 135D222E28E5E84D0016C36C /* ForecastViewController.swift */; };
		1370792028CF811000102FB0 /* QuiverCell.swift in Sources */ = {isa = PBXBuildFile; fileRef = 1370791E28CF811000102FB0 /* QuiverCell.swift */; };
		1370792128CF811000102FB0 /* QuiverCell.xib in Resources */ = {isa = PBXBuildFile; fileRef = 1370791F28CF811000102FB0 /* QuiverCell.xib */; };
		1386A55B28C0BC8E00BE7818 /* AppDelegate.swift in Sources */ = {isa = PBXBuildFile; fileRef = 1386A55A28C0BC8E00BE7818 /* AppDelegate.swift */; };
		1386A55D28C0BC8E00BE7818 /* SceneDelegate.swift in Sources */ = {isa = PBXBuildFile; fileRef = 1386A55C28C0BC8E00BE7818 /* SceneDelegate.swift */; };
		1386A55F28C0BC8E00BE7818 /* ViewController.swift in Sources */ = {isa = PBXBuildFile; fileRef = 1386A55E28C0BC8E00BE7818 /* ViewController.swift */; };
		1386A56228C0BC8E00BE7818 /* Main.storyboard in Resources */ = {isa = PBXBuildFile; fileRef = 1386A56028C0BC8E00BE7818 /* Main.storyboard */; };
		1386A56428C0BC9000BE7818 /* Assets.xcassets in Resources */ = {isa = PBXBuildFile; fileRef = 1386A56328C0BC9000BE7818 /* Assets.xcassets */; };
		1386A56728C0BC9000BE7818 /* LaunchScreen.storyboard in Resources */ = {isa = PBXBuildFile; fileRef = 1386A56528C0BC9000BE7818 /* LaunchScreen.storyboard */; };
		1386A56F28C0F12900BE7818 /* RegisterViewController.swift in Sources */ = {isa = PBXBuildFile; fileRef = 1386A56E28C0F12900BE7818 /* RegisterViewController.swift */; };
		1386A57128C10A2600BE7818 /* LoginViewController.swift in Sources */ = {isa = PBXBuildFile; fileRef = 1386A57028C10A2600BE7818 /* LoginViewController.swift */; };
		138B771728D09DB40083F394 /* AddViewController.swift in Sources */ = {isa = PBXBuildFile; fileRef = 138B771628D09DB40083F394 /* AddViewController.swift */; };
		138B771928D0B62A0083F394 /* UserModels.swift in Sources */ = {isa = PBXBuildFile; fileRef = 138B771828D0B62A0083F394 /* UserModels.swift */; };
		13B7277528DB63140019F2FD /* WetsuitCell.swift in Sources */ = {isa = PBXBuildFile; fileRef = 13B7277328DB63140019F2FD /* WetsuitCell.swift */; };
		13B7277628DB63140019F2FD /* WetsuitCell.xib in Resources */ = {isa = PBXBuildFile; fileRef = 13B7277428DB63140019F2FD /* WetsuitCell.xib */; };
		13C529F428E1EECB00CA0C4E /* SettingsViewController.swift in Sources */ = {isa = PBXBuildFile; fileRef = 13C529F328E1EECB00CA0C4E /* SettingsViewController.swift */; };
		13FC78FF28F0790E000C355F /* ForecastData.swift in Sources */ = {isa = PBXBuildFile; fileRef = 13FC78FE28F0790E000C355F /* ForecastData.swift */; };
/* End PBXBuildFile section */

/* Begin PBXFileReference section */
		1314A85128C9E4410070ADA6 /* QuiverViewController.swift */ = {isa = PBXFileReference; lastKnownFileType = sourcecode.swift; path = QuiverViewController.swift; sourceTree = "<group>"; };
		131A407728EC811E00844041 /* ForecastManager.swift */ = {isa = PBXFileReference; lastKnownFileType = sourcecode.swift; path = ForecastManager.swift; sourceTree = "<group>"; };
		1355E93428C2084200546F57 /* GoogleService-Info.plist */ = {isa = PBXFileReference; fileEncoding = 4; lastKnownFileType = text.plist.xml; path = "GoogleService-Info.plist"; sourceTree = "<group>"; };
		1355E94928C2367A00546F57 /* ProfileViewController.swift */ = {isa = PBXFileReference; lastKnownFileType = sourcecode.swift; path = ProfileViewController.swift; sourceTree = "<group>"; };
		135D222E28E5E84D0016C36C /* ForecastViewController.swift */ = {isa = PBXFileReference; lastKnownFileType = sourcecode.swift; path = ForecastViewController.swift; sourceTree = "<group>"; };
		1370791E28CF811000102FB0 /* QuiverCell.swift */ = {isa = PBXFileReference; lastKnownFileType = sourcecode.swift; path = QuiverCell.swift; sourceTree = "<group>"; };
		1370791F28CF811000102FB0 /* QuiverCell.xib */ = {isa = PBXFileReference; lastKnownFileType = file.xib; path = QuiverCell.xib; sourceTree = "<group>"; };
		1386A55728C0BC8E00BE7818 /* SurfTogether.app */ = {isa = PBXFileReference; explicitFileType = wrapper.application; includeInIndex = 0; path = SurfTogether.app; sourceTree = BUILT_PRODUCTS_DIR; };
		1386A55A28C0BC8E00BE7818 /* AppDelegate.swift */ = {isa = PBXFileReference; lastKnownFileType = sourcecode.swift; path = AppDelegate.swift; sourceTree = "<group>"; };
		1386A55C28C0BC8E00BE7818 /* SceneDelegate.swift */ = {isa = PBXFileReference; lastKnownFileType = sourcecode.swift; path = SceneDelegate.swift; sourceTree = "<group>"; };
		1386A55E28C0BC8E00BE7818 /* ViewController.swift */ = {isa = PBXFileReference; lastKnownFileType = sourcecode.swift; path = ViewController.swift; sourceTree = "<group>"; };
		1386A56128C0BC8E00BE7818 /* Base */ = {isa = PBXFileReference; lastKnownFileType = file.storyboard; name = Base; path = Base.lproj/Main.storyboard; sourceTree = "<group>"; };
		1386A56328C0BC9000BE7818 /* Assets.xcassets */ = {isa = PBXFileReference; lastKnownFileType = folder.assetcatalog; path = Assets.xcassets; sourceTree = "<group>"; };
		1386A56628C0BC9000BE7818 /* Base */ = {isa = PBXFileReference; lastKnownFileType = file.storyboard; name = Base; path = Base.lproj/LaunchScreen.storyboard; sourceTree = "<group>"; };
		1386A56828C0BC9000BE7818 /* Info.plist */ = {isa = PBXFileReference; lastKnownFileType = text.plist.xml; path = Info.plist; sourceTree = "<group>"; };
		1386A56E28C0F12900BE7818 /* RegisterViewController.swift */ = {isa = PBXFileReference; lastKnownFileType = sourcecode.swift; path = RegisterViewController.swift; sourceTree = "<group>"; };
		1386A57028C10A2600BE7818 /* LoginViewController.swift */ = {isa = PBXFileReference; lastKnownFileType = sourcecode.swift; path = LoginViewController.swift; sourceTree = "<group>"; };
		138B771628D09DB40083F394 /* AddViewController.swift */ = {isa = PBXFileReference; lastKnownFileType = sourcecode.swift; path = AddViewController.swift; sourceTree = "<group>"; };
		138B771828D0B62A0083F394 /* UserModels.swift */ = {isa = PBXFileReference; lastKnownFileType = sourcecode.swift; path = UserModels.swift; sourceTree = "<group>"; };
		13B7277328DB63140019F2FD /* WetsuitCell.swift */ = {isa = PBXFileReference; lastKnownFileType = sourcecode.swift; path = WetsuitCell.swift; sourceTree = "<group>"; };
		13B7277428DB63140019F2FD /* WetsuitCell.xib */ = {isa = PBXFileReference; lastKnownFileType = file.xib; path = WetsuitCell.xib; sourceTree = "<group>"; };
		13C529F328E1EECB00CA0C4E /* SettingsViewController.swift */ = {isa = PBXFileReference; lastKnownFileType = sourcecode.swift; path = SettingsViewController.swift; sourceTree = "<group>"; };
		13FC78FE28F0790E000C355F /* ForecastData.swift */ = {isa = PBXFileReference; lastKnownFileType = sourcecode.swift; path = ForecastData.swift; sourceTree = "<group>"; };
/* End PBXFileReference section */

/* Begin PBXFrameworksBuildPhase section */
		1386A55428C0BC8E00BE7818 /* Frameworks */ = {
			isa = PBXFrameworksBuildPhase;
			buildActionMask = 2147483647;
			files = (
				1355E93E28C209EF00546F57 /* FirebaseDatabaseSwift in Frameworks */,
				133AA0B528D88593007C672B /* iOSDropDown in Frameworks */,
				1355E93C28C209EF00546F57 /* FirebaseDatabase in Frameworks */,
				1355E93828C209EF00546F57 /* FirebaseAuth in Frameworks */,
				1355E94428C209EF00546F57 /* FirebaseFirestoreSwift in Frameworks */,
				1355E94228C209EF00546F57 /* FirebaseFirestoreCombine-Community in Frameworks */,
				1355E94628C209EF00546F57 /* FirebaseStorage in Frameworks */,
				1355E94028C209EF00546F57 /* FirebaseFirestore in Frameworks */,
				1355E94828C209EF00546F57 /* FirebaseStorageCombine-Community in Frameworks */,
				1355E93A28C209EF00546F57 /* FirebaseAuthCombine-Community in Frameworks */,
			);
			runOnlyForDeploymentPostprocessing = 0;
		};
/* End PBXFrameworksBuildPhase section */

/* Begin PBXGroup section */
		1314A85328CA02290070ADA6 /* Models */ = {
			isa = PBXGroup;
			children = (
				138B771828D0B62A0083F394 /* UserModels.swift */,
				131A407728EC811E00844041 /* ForecastManager.swift */,
				13FC78FE28F0790E000C355F /* ForecastData.swift */,
			);
			path = Models;
			sourceTree = "<group>";
		};
		1355E93228C2066500546F57 /* Controllers */ = {
			isa = PBXGroup;
			children = (
				1386A55E28C0BC8E00BE7818 /* ViewController.swift */,
				1386A56E28C0F12900BE7818 /* RegisterViewController.swift */,
				1386A57028C10A2600BE7818 /* LoginViewController.swift */,
				1355E94928C2367A00546F57 /* ProfileViewController.swift */,
				1314A85128C9E4410070ADA6 /* QuiverViewController.swift */,
				138B771628D09DB40083F394 /* AddViewController.swift */,
				13C529F328E1EECB00CA0C4E /* SettingsViewController.swift */,
				135D222E28E5E84D0016C36C /* ForecastViewController.swift */,
			);
			path = Controllers;
			sourceTree = "<group>";
		};
		1355E93328C2069D00546F57 /* Views */ = {
			isa = PBXGroup;
			children = (
				1386A56028C0BC8E00BE7818 /* Main.storyboard */,
				1370791E28CF811000102FB0 /* QuiverCell.swift */,
				1370791F28CF811000102FB0 /* QuiverCell.xib */,
				13B7277328DB63140019F2FD /* WetsuitCell.swift */,
				13B7277428DB63140019F2FD /* WetsuitCell.xib */,
			);
			path = Views;
			sourceTree = "<group>";
		};
		1386A54E28C0BC8E00BE7818 = {
			isa = PBXGroup;
			children = (
				1386A55928C0BC8E00BE7818 /* SurfTogether */,
				1386A55828C0BC8E00BE7818 /* Products */,
			);
			sourceTree = "<group>";
		};
		1386A55828C0BC8E00BE7818 /* Products */ = {
			isa = PBXGroup;
			children = (
				1386A55728C0BC8E00BE7818 /* SurfTogether.app */,
			);
			name = Products;
			sourceTree = "<group>";
		};
		1386A55928C0BC8E00BE7818 /* SurfTogether */ = {
			isa = PBXGroup;
			children = (
				1386A55A28C0BC8E00BE7818 /* AppDelegate.swift */,
				1386A55C28C0BC8E00BE7818 /* SceneDelegate.swift */,
				1314A85328CA02290070ADA6 /* Models */,
				1355E93228C2066500546F57 /* Controllers */,
				1355E93328C2069D00546F57 /* Views */,
				1386A56328C0BC9000BE7818 /* Assets.xcassets */,
				1386A56528C0BC9000BE7818 /* LaunchScreen.storyboard */,
				1386A56828C0BC9000BE7818 /* Info.plist */,
				1355E93428C2084200546F57 /* GoogleService-Info.plist */,
			);
			path = SurfTogether;
			sourceTree = "<group>";
		};
/* End PBXGroup section */

/* Begin PBXNativeTarget section */
		1386A55628C0BC8E00BE7818 /* SurfTogether */ = {
			isa = PBXNativeTarget;
			buildConfigurationList = 1386A56B28C0BC9000BE7818 /* Build configuration list for PBXNativeTarget "SurfTogether" */;
			buildPhases = (
				1386A55328C0BC8E00BE7818 /* Sources */,
				1386A55428C0BC8E00BE7818 /* Frameworks */,
				1386A55528C0BC8E00BE7818 /* Resources */,
			);
			buildRules = (
			);
			dependencies = (
			);
			name = SurfTogether;
			packageProductDependencies = (
				1355E93728C209EF00546F57 /* FirebaseAuth */,
				1355E93928C209EF00546F57 /* FirebaseAuthCombine-Community */,
				1355E93B28C209EF00546F57 /* FirebaseDatabase */,
				1355E93D28C209EF00546F57 /* FirebaseDatabaseSwift */,
				1355E93F28C209EF00546F57 /* FirebaseFirestore */,
				1355E94128C209EF00546F57 /* FirebaseFirestoreCombine-Community */,
				1355E94328C209EF00546F57 /* FirebaseFirestoreSwift */,
				1355E94528C209EF00546F57 /* FirebaseStorage */,
				1355E94728C209EF00546F57 /* FirebaseStorageCombine-Community */,
				133AA0B428D88593007C672B /* iOSDropDown */,
			);
			productName = SurfTogether;
			productReference = 1386A55728C0BC8E00BE7818 /* SurfTogether.app */;
			productType = "com.apple.product-type.application";
		};
/* End PBXNativeTarget section */

/* Begin PBXProject section */
		1386A54F28C0BC8E00BE7818 /* Project object */ = {
			isa = PBXProject;
			attributes = {
				BuildIndependentTargetsInParallel = 1;
				LastSwiftUpdateCheck = 1320;
				LastUpgradeCheck = 1320;
				TargetAttributes = {
					1386A55628C0BC8E00BE7818 = {
						CreatedOnToolsVersion = 13.2;
					};
				};
			};
			buildConfigurationList = 1386A55228C0BC8E00BE7818 /* Build configuration list for PBXProject "SurfTogether" */;
			compatibilityVersion = "Xcode 13.0";
			developmentRegion = en;
			hasScannedForEncodings = 0;
			knownRegions = (
				en,
				Base,
			);
			mainGroup = 1386A54E28C0BC8E00BE7818;
			packageReferences = (
				1355E93628C209EF00546F57 /* XCRemoteSwiftPackageReference "firebase-ios-sdk" */,
				133AA0B328D88593007C672B /* XCRemoteSwiftPackageReference "iOSDropDown" */,
			);
			productRefGroup = 1386A55828C0BC8E00BE7818 /* Products */;
			projectDirPath = "";
			projectRoot = "";
			targets = (
				1386A55628C0BC8E00BE7818 /* SurfTogether */,
			);
		};
/* End PBXProject section */

/* Begin PBXResourcesBuildPhase section */
		1386A55528C0BC8E00BE7818 /* Resources */ = {
			isa = PBXResourcesBuildPhase;
			buildActionMask = 2147483647;
			files = (
				1386A56728C0BC9000BE7818 /* LaunchScreen.storyboard in Resources */,
				1355E93528C2084200546F57 /* GoogleService-Info.plist in Resources */,
				1386A56428C0BC9000BE7818 /* Assets.xcassets in Resources */,
				13B7277628DB63140019F2FD /* WetsuitCell.xib in Resources */,
				1386A56228C0BC8E00BE7818 /* Main.storyboard in Resources */,
				1370792128CF811000102FB0 /* QuiverCell.xib in Resources */,
			);
			runOnlyForDeploymentPostprocessing = 0;
		};
/* End PBXResourcesBuildPhase section */

/* Begin PBXSourcesBuildPhase section */
		1386A55328C0BC8E00BE7818 /* Sources */ = {
			isa = PBXSourcesBuildPhase;
			buildActionMask = 2147483647;
			files = (
				13B7277528DB63140019F2FD /* WetsuitCell.swift in Sources */,
				1355E94A28C2367A00546F57 /* ProfileViewController.swift in Sources */,
				1386A55F28C0BC8E00BE7818 /* ViewController.swift in Sources */,
				138B771728D09DB40083F394 /* AddViewController.swift in Sources */,
				1370792028CF811000102FB0 /* QuiverCell.swift in Sources */,
				1386A55B28C0BC8E00BE7818 /* AppDelegate.swift in Sources */,
				1386A55D28C0BC8E00BE7818 /* SceneDelegate.swift in Sources */,
				1386A57128C10A2600BE7818 /* LoginViewController.swift in Sources */,
				1314A85228C9E4410070ADA6 /* QuiverViewController.swift in Sources */,
				138B771928D0B62A0083F394 /* UserModels.swift in Sources */,
				131A407828EC811E00844041 /* ForecastManager.swift in Sources */,
				1386A56F28C0F12900BE7818 /* RegisterViewController.swift in Sources */,
				135D222F28E5E84D0016C36C /* ForecastViewController.swift in Sources */,
				13FC78FF28F0790E000C355F /* ForecastData.swift in Sources */,
				13C529F428E1EECB00CA0C4E /* SettingsViewController.swift in Sources */,
			);
			runOnlyForDeploymentPostprocessing = 0;
		};
/* End PBXSourcesBuildPhase section */

/* Begin PBXVariantGroup section */
		1386A56028C0BC8E00BE7818 /* Main.storyboard */ = {
			isa = PBXVariantGroup;
			children = (
				1386A56128C0BC8E00BE7818 /* Base */,
			);
			name = Main.storyboard;
			sourceTree = "<group>";
		};
		1386A56528C0BC9000BE7818 /* LaunchScreen.storyboard */ = {
			isa = PBXVariantGroup;
			children = (
				1386A56628C0BC9000BE7818 /* Base */,
			);
			name = LaunchScreen.storyboard;
			sourceTree = "<group>";
		};
/* End PBXVariantGroup section */

/* Begin XCBuildConfiguration section */
		1386A56928C0BC9000BE7818 /* Debug */ = {
			isa = XCBuildConfiguration;
			buildSettings = {
				ALWAYS_SEARCH_USER_PATHS = NO;
				CLANG_ANALYZER_NONNULL = YES;
				CLANG_ANALYZER_NUMBER_OBJECT_CONVERSION = YES_AGGRESSIVE;
				CLANG_CXX_LANGUAGE_STANDARD = "gnu++17";
				CLANG_CXX_LIBRARY = "libc++";
				CLANG_ENABLE_MODULES = YES;
				CLANG_ENABLE_OBJC_ARC = YES;
				CLANG_ENABLE_OBJC_WEAK = YES;
				CLANG_WARN_BLOCK_CAPTURE_AUTORELEASING = YES;
				CLANG_WARN_BOOL_CONVERSION = YES;
				CLANG_WARN_COMMA = YES;
				CLANG_WARN_CONSTANT_CONVERSION = YES;
				CLANG_WARN_DEPRECATED_OBJC_IMPLEMENTATIONS = YES;
				CLANG_WARN_DIRECT_OBJC_ISA_USAGE = YES_ERROR;
				CLANG_WARN_DOCUMENTATION_COMMENTS = YES;
				CLANG_WARN_EMPTY_BODY = YES;
				CLANG_WARN_ENUM_CONVERSION = YES;
				CLANG_WARN_INFINITE_RECURSION = YES;
				CLANG_WARN_INT_CONVERSION = YES;
				CLANG_WARN_NON_LITERAL_NULL_CONVERSION = YES;
				CLANG_WARN_OBJC_IMPLICIT_RETAIN_SELF = YES;
				CLANG_WARN_OBJC_LITERAL_CONVERSION = YES;
				CLANG_WARN_OBJC_ROOT_CLASS = YES_ERROR;
				CLANG_WARN_QUOTED_INCLUDE_IN_FRAMEWORK_HEADER = YES;
				CLANG_WARN_RANGE_LOOP_ANALYSIS = YES;
				CLANG_WARN_STRICT_PROTOTYPES = YES;
				CLANG_WARN_SUSPICIOUS_MOVE = YES;
				CLANG_WARN_UNGUARDED_AVAILABILITY = YES_AGGRESSIVE;
				CLANG_WARN_UNREACHABLE_CODE = YES;
				CLANG_WARN__DUPLICATE_METHOD_MATCH = YES;
				COPY_PHASE_STRIP = NO;
				DEBUG_INFORMATION_FORMAT = dwarf;
				ENABLE_STRICT_OBJC_MSGSEND = YES;
				ENABLE_TESTABILITY = YES;
				GCC_C_LANGUAGE_STANDARD = gnu11;
				GCC_DYNAMIC_NO_PIC = NO;
				GCC_NO_COMMON_BLOCKS = YES;
				GCC_OPTIMIZATION_LEVEL = 0;
				GCC_PREPROCESSOR_DEFINITIONS = (
					"DEBUG=1",
					"$(inherited)",
				);
				GCC_WARN_64_TO_32_BIT_CONVERSION = YES;
				GCC_WARN_ABOUT_RETURN_TYPE = YES_ERROR;
				GCC_WARN_UNDECLARED_SELECTOR = YES;
				GCC_WARN_UNINITIALIZED_AUTOS = YES_AGGRESSIVE;
				GCC_WARN_UNUSED_FUNCTION = YES;
				GCC_WARN_UNUSED_VARIABLE = YES;
				IPHONEOS_DEPLOYMENT_TARGET = 15.2;
				MTL_ENABLE_DEBUG_INFO = INCLUDE_SOURCE;
				MTL_FAST_MATH = YES;
				ONLY_ACTIVE_ARCH = YES;
				SDKROOT = iphoneos;
				SWIFT_ACTIVE_COMPILATION_CONDITIONS = DEBUG;
				SWIFT_OPTIMIZATION_LEVEL = "-Onone";
			};
			name = Debug;
		};
		1386A56A28C0BC9000BE7818 /* Release */ = {
			isa = XCBuildConfiguration;
			buildSettings = {
				ALWAYS_SEARCH_USER_PATHS = NO;
				CLANG_ANALYZER_NONNULL = YES;
				CLANG_ANALYZER_NUMBER_OBJECT_CONVERSION = YES_AGGRESSIVE;
				CLANG_CXX_LANGUAGE_STANDARD = "gnu++17";
				CLANG_CXX_LIBRARY = "libc++";
				CLANG_ENABLE_MODULES = YES;
				CLANG_ENABLE_OBJC_ARC = YES;
				CLANG_ENABLE_OBJC_WEAK = YES;
				CLANG_WARN_BLOCK_CAPTURE_AUTORELEASING = YES;
				CLANG_WARN_BOOL_CONVERSION = YES;
				CLANG_WARN_COMMA = YES;
				CLANG_WARN_CONSTANT_CONVERSION = YES;
				CLANG_WARN_DEPRECATED_OBJC_IMPLEMENTATIONS = YES;
				CLANG_WARN_DIRECT_OBJC_ISA_USAGE = YES_ERROR;
				CLANG_WARN_DOCUMENTATION_COMMENTS = YES;
				CLANG_WARN_EMPTY_BODY = YES;
				CLANG_WARN_ENUM_CONVERSION = YES;
				CLANG_WARN_INFINITE_RECURSION = YES;
				CLANG_WARN_INT_CONVERSION = YES;
				CLANG_WARN_NON_LITERAL_NULL_CONVERSION = YES;
				CLANG_WARN_OBJC_IMPLICIT_RETAIN_SELF = YES;
				CLANG_WARN_OBJC_LITERAL_CONVERSION = YES;
				CLANG_WARN_OBJC_ROOT_CLASS = YES_ERROR;
				CLANG_WARN_QUOTED_INCLUDE_IN_FRAMEWORK_HEADER = YES;
				CLANG_WARN_RANGE_LOOP_ANALYSIS = YES;
				CLANG_WARN_STRICT_PROTOTYPES = YES;
				CLANG_WARN_SUSPICIOUS_MOVE = YES;
				CLANG_WARN_UNGUARDED_AVAILABILITY = YES_AGGRESSIVE;
				CLANG_WARN_UNREACHABLE_CODE = YES;
				CLANG_WARN__DUPLICATE_METHOD_MATCH = YES;
				COPY_PHASE_STRIP = NO;
				DEBUG_INFORMATION_FORMAT = "dwarf-with-dsym";
				ENABLE_NS_ASSERTIONS = NO;
				ENABLE_STRICT_OBJC_MSGSEND = YES;
				GCC_C_LANGUAGE_STANDARD = gnu11;
				GCC_NO_COMMON_BLOCKS = YES;
				GCC_WARN_64_TO_32_BIT_CONVERSION = YES;
				GCC_WARN_ABOUT_RETURN_TYPE = YES_ERROR;
				GCC_WARN_UNDECLARED_SELECTOR = YES;
				GCC_WARN_UNINITIALIZED_AUTOS = YES_AGGRESSIVE;
				GCC_WARN_UNUSED_FUNCTION = YES;
				GCC_WARN_UNUSED_VARIABLE = YES;
				IPHONEOS_DEPLOYMENT_TARGET = 15.2;
				MTL_ENABLE_DEBUG_INFO = NO;
				MTL_FAST_MATH = YES;
				SDKROOT = iphoneos;
				SWIFT_COMPILATION_MODE = wholemodule;
				SWIFT_OPTIMIZATION_LEVEL = "-O";
				VALIDATE_PRODUCT = YES;
			};
			name = Release;
		};
		1386A56C28C0BC9000BE7818 /* Debug */ = {
			isa = XCBuildConfiguration;
			buildSettings = {
				ASSETCATALOG_COMPILER_APPICON_NAME = AppIcon;
				ASSETCATALOG_COMPILER_GLOBAL_ACCENT_COLOR_NAME = AccentColor;
				CODE_SIGN_STYLE = Automatic;
				CURRENT_PROJECT_VERSION = 1;
				GENERATE_INFOPLIST_FILE = YES;
				INFOPLIST_FILE = SurfTogether/Info.plist;
				INFOPLIST_KEY_UIApplicationSupportsIndirectInputEvents = YES;
				INFOPLIST_KEY_UILaunchStoryboardName = LaunchScreen;
				INFOPLIST_KEY_UIMainStoryboardFile = Main;
				INFOPLIST_KEY_UISupportedInterfaceOrientations_iPad = "UIInterfaceOrientationPortrait UIInterfaceOrientationPortraitUpsideDown UIInterfaceOrientationLandscapeLeft UIInterfaceOrientationLandscapeRight";
				INFOPLIST_KEY_UISupportedInterfaceOrientations_iPhone = "UIInterfaceOrientationPortrait UIInterfaceOrientationLandscapeLeft UIInterfaceOrientationLandscapeRight";
				LD_RUNPATH_SEARCH_PATHS = (
					"$(inherited)",
					"@executable_path/Frameworks",
				);
				MARKETING_VERSION = 1.0;
				PRODUCT_BUNDLE_IDENTIFIER = com.Mir.SurfTogether;
				PRODUCT_NAME = "$(TARGET_NAME)";
				SWIFT_EMIT_LOC_STRINGS = YES;
				SWIFT_VERSION = 5.0;
				TARGETED_DEVICE_FAMILY = "1,2";
			};
			name = Debug;
		};
		1386A56D28C0BC9000BE7818 /* Release */ = {
			isa = XCBuildConfiguration;
			buildSettings = {
				ASSETCATALOG_COMPILER_APPICON_NAME = AppIcon;
				ASSETCATALOG_COMPILER_GLOBAL_ACCENT_COLOR_NAME = AccentColor;
				CODE_SIGN_STYLE = Automatic;
				CURRENT_PROJECT_VERSION = 1;
				GENERATE_INFOPLIST_FILE = YES;
				INFOPLIST_FILE = SurfTogether/Info.plist;
				INFOPLIST_KEY_UIApplicationSupportsIndirectInputEvents = YES;
				INFOPLIST_KEY_UILaunchStoryboardName = LaunchScreen;
				INFOPLIST_KEY_UIMainStoryboardFile = Main;
				INFOPLIST_KEY_UISupportedInterfaceOrientations_iPad = "UIInterfaceOrientationPortrait UIInterfaceOrientationPortraitUpsideDown UIInterfaceOrientationLandscapeLeft UIInterfaceOrientationLandscapeRight";
				INFOPLIST_KEY_UISupportedInterfaceOrientations_iPhone = "UIInterfaceOrientationPortrait UIInterfaceOrientationLandscapeLeft UIInterfaceOrientationLandscapeRight";
				LD_RUNPATH_SEARCH_PATHS = (
					"$(inherited)",
					"@executable_path/Frameworks",
				);
				MARKETING_VERSION = 1.0;
				PRODUCT_BUNDLE_IDENTIFIER = com.Mir.SurfTogether;
				PRODUCT_NAME = "$(TARGET_NAME)";
				SWIFT_EMIT_LOC_STRINGS = YES;
				SWIFT_VERSION = 5.0;
				TARGETED_DEVICE_FAMILY = "1,2";
			};
			name = Release;
		};
/* End XCBuildConfiguration section */

/* Begin XCConfigurationList section */
		1386A55228C0BC8E00BE7818 /* Build configuration list for PBXProject "SurfTogether" */ = {
			isa = XCConfigurationList;
			buildConfigurations = (
				1386A56928C0BC9000BE7818 /* Debug */,
				1386A56A28C0BC9000BE7818 /* Release */,
			);
			defaultConfigurationIsVisible = 0;
			defaultConfigurationName = Release;
		};
		1386A56B28C0BC9000BE7818 /* Build configuration list for PBXNativeTarget "SurfTogether" */ = {
			isa = XCConfigurationList;
			buildConfigurations = (
				1386A56C28C0BC9000BE7818 /* Debug */,
				1386A56D28C0BC9000BE7818 /* Release */,
			);
			defaultConfigurationIsVisible = 0;
			defaultConfigurationName = Release;
		};
/* End XCConfigurationList section */

/* Begin XCRemoteSwiftPackageReference section */
		133AA0B328D88593007C672B /* XCRemoteSwiftPackageReference "iOSDropDown" */ = {
			isa = XCRemoteSwiftPackageReference;
			repositoryURL = "https://github.com/jriosdev/iOSDropDown.git";
			requirement = {
				kind = upToNextMajorVersion;
				minimumVersion = 0.4.0;
			};
		};
		1355E93628C209EF00546F57 /* XCRemoteSwiftPackageReference "firebase-ios-sdk" */ = {
			isa = XCRemoteSwiftPackageReference;
			repositoryURL = "https://github.com/firebase/firebase-ios-sdk";
			requirement = {
				kind = upToNextMajorVersion;
				minimumVersion = 9.0.0;
			};
		};
/* End XCRemoteSwiftPackageReference section */

/* Begin XCSwiftPackageProductDependency section */
		133AA0B428D88593007C672B /* iOSDropDown */ = {
			isa = XCSwiftPackageProductDependency;
			package = 133AA0B328D88593007C672B /* XCRemoteSwiftPackageReference "iOSDropDown" */;
			productName = iOSDropDown;
		};
		1355E93728C209EF00546F57 /* FirebaseAuth */ = {
			isa = XCSwiftPackageProductDependency;
			package = 1355E93628C209EF00546F57 /* XCRemoteSwiftPackageReference "firebase-ios-sdk" */;
			productName = FirebaseAuth;
		};
		1355E93928C209EF00546F57 /* FirebaseAuthCombine-Community */ = {
			isa = XCSwiftPackageProductDependency;
			package = 1355E93628C209EF00546F57 /* XCRemoteSwiftPackageReference "firebase-ios-sdk" */;
			productName = "FirebaseAuthCombine-Community";
		};
		1355E93B28C209EF00546F57 /* FirebaseDatabase */ = {
			isa = XCSwiftPackageProductDependency;
			package = 1355E93628C209EF00546F57 /* XCRemoteSwiftPackageReference "firebase-ios-sdk" */;
			productName = FirebaseDatabase;
		};
		1355E93D28C209EF00546F57 /* FirebaseDatabaseSwift */ = {
			isa = XCSwiftPackageProductDependency;
			package = 1355E93628C209EF00546F57 /* XCRemoteSwiftPackageReference "firebase-ios-sdk" */;
			productName = FirebaseDatabaseSwift;
		};
		1355E93F28C209EF00546F57 /* FirebaseFirestore */ = {
			isa = XCSwiftPackageProductDependency;
			package = 1355E93628C209EF00546F57 /* XCRemoteSwiftPackageReference "firebase-ios-sdk" */;
			productName = FirebaseFirestore;
		};
		1355E94128C209EF00546F57 /* FirebaseFirestoreCombine-Community */ = {
			isa = XCSwiftPackageProductDependency;
			package = 1355E93628C209EF00546F57 /* XCRemoteSwiftPackageReference "firebase-ios-sdk" */;
			productName = "FirebaseFirestoreCombine-Community";
		};
		1355E94328C209EF00546F57 /* FirebaseFirestoreSwift */ = {
			isa = XCSwiftPackageProductDependency;
			package = 1355E93628C209EF00546F57 /* XCRemoteSwiftPackageReference "firebase-ios-sdk" */;
			productName = FirebaseFirestoreSwift;
		};
		1355E94528C209EF00546F57 /* FirebaseStorage */ = {
			isa = XCSwiftPackageProductDependency;
			package = 1355E93628C209EF00546F57 /* XCRemoteSwiftPackageReference "firebase-ios-sdk" */;
			productName = FirebaseStorage;
		};
		1355E94728C209EF00546F57 /* FirebaseStorageCombine-Community */ = {
			isa = XCSwiftPackageProductDependency;
			package = 1355E93628C209EF00546F57 /* XCRemoteSwiftPackageReference "firebase-ios-sdk" */;
			productName = "FirebaseStorageCombine-Community";
		};
/* End XCSwiftPackageProductDependency section */
	};
	rootObject = 1386A54F28C0BC8E00BE7818 /* Project object */;
}
